
Microsoft Visual Studio Solution File, Format Version 12.00
# Visual Studio Version 16
VisualStudioVersion = 16.0.30225.117
MinimumVisualStudioVersion = 10.0.40219.1
Project("{FAE04EC0-301F-11D3-BF4B-00C04F79EFBC}") = "MathematicalFormulas", "MathematicalFormulas.csproj", "{3DF2777F-756A-4025-B424-B029EE3C4FCB}"
EndProject
Global
	GlobalSection(SolutionConfigurationPlatforms) = preSolution
		Debug|Any CPU = Debug|Any CPU
		Release|Any CPU = Release|Any CPU
	EndGlobalSection
	GlobalSection(ProjectConfigurationPlatforms) = postSolution
		{3DF2777F-756A-4025-B424-B029EE3C4FCB}.Debug|Any CPU.ActiveCfg = Debug|Any CPU
		{3DF2777F-756A-4025-B424-B029EE3C4FCB}.Debug|Any CPU.Build.0 = Debug|Any CPU
		{3DF2777F-756A-4025-B424-B029EE3C4FCB}.Release|Any CPU.ActiveCfg = Release|Any CPU
		{3DF2777F-756A-4025-B424-B029EE3C4FCB}.Release|Any CPU.Build.0 = Release|Any CPU
	EndGlobalSection
	GlobalSection(SolutionProperties) = preSolution
		HideSolutionNode = FALSE
	EndGlobalSection
	GlobalSection(ExtensibilityGlobals) = postSolution
		SolutionGuid = {0FBD740B-8D3D-42EE-8059-8A36D0B5680A}
	EndGlobalSection
EndGlobal
